
Microsoft Visual Studio Solution File, Format Version 12.00
# Visual Studio 15
VisualStudioVersion = 15.0.27428.2037
MinimumVisualStudioVersion = 10.0.40219.1
Project("{FAE04EC0-301F-11D3-BF4B-00C04F79EFBC}") = "yikang.validcode.web", "yikang.validcode.web\yikang.validcode.web.csproj", "{1E0DA7FC-8444-45A6-B8C8-7ADECFDEFC2A}"
EndProject
Project("{FAE04EC0-301F-11D3-BF4B-00C04F79EFBC}") = "yikang.validcode.data", "yikang.validcode.data\yikang.validcode.data.csproj", "{0DBCD8CD-7166-41C2-874F-AA27E8455E31}"
EndProject
Project("{FAE04EC0-301F-11D3-BF4B-00C04F79EFBC}") = "yikang.validcode.webservice", "yikang.validcode.webservice\yikang.validcode.webservice.csproj", "{0FD31697-6332-47F3-AF5B-9C3AAD29ABF3}"
EndProject
Global
	GlobalSection(SolutionConfigurationPlatforms) = preSolution
		Debug|Any CPU = Debug|Any CPU
		Release|Any CPU = Release|Any CPU
	EndGlobalSection
	GlobalSection(ProjectConfigurationPlatforms) = postSolution
		{1E0DA7FC-8444-45A6-B8C8-7ADECFDEFC2A}.Debug|Any CPU.ActiveCfg = Debug|Any CPU
		{1E0DA7FC-8444-45A6-B8C8-7ADECFDEFC2A}.Debug|Any CPU.Build.0 = Debug|Any CPU
		{1E0DA7FC-8444-45A6-B8C8-7ADECFDEFC2A}.Release|Any CPU.ActiveCfg = Release|Any CPU
		{1E0DA7FC-8444-45A6-B8C8-7ADECFDEFC2A}.Release|Any CPU.Build.0 = Release|Any CPU
		{0DBCD8CD-7166-41C2-874F-AA27E8455E31}.Debug|Any CPU.ActiveCfg = Debug|Any CPU
		{0DBCD8CD-7166-41C2-874F-AA27E8455E31}.Debug|Any CPU.Build.0 = Debug|Any CPU
		{0DBCD8CD-7166-41C2-874F-AA27E8455E31}.Release|Any CPU.ActiveCfg = Release|Any CPU
		{0DBCD8CD-7166-41C2-874F-AA27E8455E31}.Release|Any CPU.Build.0 = Release|Any CPU
		{0FD31697-6332-47F3-AF5B-9C3AAD29ABF3}.Debug|Any CPU.ActiveCfg = Debug|Any CPU
		{0FD31697-6332-47F3-AF5B-9C3AAD29ABF3}.Debug|Any CPU.Build.0 = Debug|Any CPU
		{0FD31697-6332-47F3-AF5B-9C3AAD29ABF3}.Release|Any CPU.ActiveCfg = Release|Any CPU
		{0FD31697-6332-47F3-AF5B-9C3AAD29ABF3}.Release|Any CPU.Build.0 = Release|Any CPU
	EndGlobalSection
	GlobalSection(SolutionProperties) = preSolution
		HideSolutionNode = FALSE
	EndGlobalSection
	GlobalSection(ExtensibilityGlobals) = postSolution
		SolutionGuid = {1078F820-AE50-45C8-8998-A09E1A431202}
	EndGlobalSection
EndGlobal
